
Microsoft Visual Studio Solution File, Format Version 12.00
# Visual Studio Version 17
VisualStudioVersion = 17.6.33829.357
MinimumVisualStudioVersion = 10.0.40219.1
Project("{9A19103F-16F7-4668-BE54-9A1E7A4F7556}") = "AIMaidSan", "AIMaidSan\AIMaidSan.csproj", "{D74008DA-6D4E-41EA-8ED3-FEC704E76583}"
EndProject
Project("{FAE04EC0-301F-11D3-BF4B-00C04F79EFBC}") = "UITest", "UITest\UITest.csproj", "{F853A49E-25F0-4E1D-97D4-B425F1E3B8C7}"
EndProject
Global
	GlobalSection(SolutionConfigurationPlatforms) = preSolution
		Debug|Any CPU = Debug|Any CPU
		Release|Any CPU = Release|Any CPU
	EndGlobalSection
	GlobalSection(ProjectConfigurationPlatforms) = postSolution
		{D74008DA-6D4E-41EA-8ED3-FEC704E76583}.Debug|Any CPU.ActiveCfg = Debug|Any CPU
		{D74008DA-6D4E-41EA-8ED3-FEC704E76583}.Debug|Any CPU.Build.0 = Debug|Any CPU
		{D74008DA-6D4E-41EA-8ED3-FEC704E76583}.Release|Any CPU.ActiveCfg = Release|Any CPU
		{D74008DA-6D4E-41EA-8ED3-FEC704E76583}.Release|Any CPU.Build.0 = Release|Any CPU
		{F853A49E-25F0-4E1D-97D4-B425F1E3B8C7}.Debug|Any CPU.ActiveCfg = Debug|Any CPU
		{F853A49E-25F0-4E1D-97D4-B425F1E3B8C7}.Debug|Any CPU.Build.0 = Debug|Any CPU
		{F853A49E-25F0-4E1D-97D4-B425F1E3B8C7}.Release|Any CPU.ActiveCfg = Release|Any CPU
		{F853A49E-25F0-4E1D-97D4-B425F1E3B8C7}.Release|Any CPU.Build.0 = Release|Any CPU
	EndGlobalSection
	GlobalSection(SolutionProperties) = preSolution
		HideSolutionNode = FALSE
	EndGlobalSection
	GlobalSection(ExtensibilityGlobals) = postSolution
		SolutionGuid = {F8A43119-7F37-4C78-A70A-364AF8F44FA7}
	EndGlobalSection
EndGlobal
